
Microsoft Visual Studio Solution File, Format Version 12.00
# Visual Studio Version 17
VisualStudioVersion = 17.0.31903.59
MinimumVisualStudioVersion = 10.0.40219.1
Project("{FAE04EC0-301F-11D3-BF4B-00C04F79EFBC}") = "Bunker.Contracts", "Bunker.Contracts\Bunker.Contracts.csproj", "{41BAC4A0-4D89-4C3E-9478-9DAA2142EBEC}"
EndProject
Project("{FAE04EC0-301F-11D3-BF4B-00C04F79EFBC}") = "BunkerApi", "BunkerApi\BunkerApi.csproj", "{B5AB4122-74D1-48A4-ABCF-D18E5E7A28FE}"
EndProject
Global
	GlobalSection(SolutionConfigurationPlatforms) = preSolution
		Debug|Any CPU = Debug|Any CPU
		Release|Any CPU = Release|Any CPU
	EndGlobalSection
	GlobalSection(SolutionProperties) = preSolution
		HideSolutionNode = FALSE
	EndGlobalSection
	GlobalSection(ProjectConfigurationPlatforms) = postSolution
		{41BAC4A0-4D89-4C3E-9478-9DAA2142EBEC}.Debug|Any CPU.ActiveCfg = Debug|Any CPU
		{41BAC4A0-4D89-4C3E-9478-9DAA2142EBEC}.Debug|Any CPU.Build.0 = Debug|Any CPU
		{41BAC4A0-4D89-4C3E-9478-9DAA2142EBEC}.Release|Any CPU.ActiveCfg = Release|Any CPU
		{41BAC4A0-4D89-4C3E-9478-9DAA2142EBEC}.Release|Any CPU.Build.0 = Release|Any CPU
		{B5AB4122-74D1-48A4-ABCF-D18E5E7A28FE}.Debug|Any CPU.ActiveCfg = Debug|Any CPU
		{B5AB4122-74D1-48A4-ABCF-D18E5E7A28FE}.Debug|Any CPU.Build.0 = Debug|Any CPU
		{B5AB4122-74D1-48A4-ABCF-D18E5E7A28FE}.Release|Any CPU.ActiveCfg = Release|Any CPU
		{B5AB4122-74D1-48A4-ABCF-D18E5E7A28FE}.Release|Any CPU.Build.0 = Release|Any CPU
	EndGlobalSection
EndGlobal
